{
  "name": "kp",
  "version": "0.0.1",
  "lockfileVersion": 1,
  "requires": true,
  "dependencies": {
    "fn-str": {
      "version": "0.0.2",
      "resolved": "https://registry.npmjs.org/fn-str/-/fn-str-0.0.2.tgz",
      "integrity": "sha512-gSFFn2A3a4bDwGBCucQHAMimBsQ4tNsCCkIK4+rYZR+b+LL+eAZ4UqwG9FnvRTNWxX/kw8ygcdCURep4Z91Xug=="
    }
  }
}
